
Microsoft Visual Studio Solution File, Format Version 12.00
# Visual Studio Version 16
VisualStudioVersion = 16.0.30320.27
MinimumVisualStudioVersion = 10.0.40219.1
Project("{9A19103F-16F7-4668-BE54-9A1E7A4F7556}") = "Oxide.Ext.RustApi", "Oxide.Ext.RustApi\Oxide.Ext.RustApi.csproj", "{47543A05-D98B-4A81-80F6-858588F88F44}"
EndProject
Project("{2150E333-8FDC-42A3-9474-1A3956D46DE8}") = "Tests", "Tests", "{429DD81C-DB53-40CF-931C-3A2BE823DE38}"
EndProject
Project("{9A19103F-16F7-4668-BE54-9A1E7A4F7556}") = "Oxide.Ext.RustApi.Tests.Unit", "Tests\Oxide.Ext.RustApi.Tests.Unit\Oxide.Ext.RustApi.Tests.Unit.csproj", "{239E0F68-7543-4E52-BAD4-E25632C4410D}"
EndProject
Project("{2150E333-8FDC-42A3-9474-1A3956D46DE8}") = "Solution Items", "Solution Items", "{2A3ADC9D-67B4-4E2A-83D3-68FCC3CDBF78}"
	ProjectSection(SolutionItems) = preProject
		Commands.md = Commands.md
		Configuration.md = Configuration.md
		Connection.md = Connection.md
		LICENSE.md = LICENSE.md
		nuget.config = nuget.config
		README.md = README.md
	EndProjectSection
EndProject
Project("{9A19103F-16F7-4668-BE54-9A1E7A4F7556}") = "Oxide.Ext.RustApi.Tests.ConsoleApp", "Tests\Oxide.Ext.RustApi.Tests.ConsoleApp\Oxide.Ext.RustApi.Tests.ConsoleApp.csproj", "{502F72DB-0151-402E-B5D9-35E0CD991A54}"
EndProject
Global
	GlobalSection(SolutionConfigurationPlatforms) = preSolution
		Debug|Any CPU = Debug|Any CPU
		Release|Any CPU = Release|Any CPU
	EndGlobalSection
	GlobalSection(ProjectConfigurationPlatforms) = postSolution
		{47543A05-D98B-4A81-80F6-858588F88F44}.Debug|Any CPU.ActiveCfg = Debug|Any CPU
		{47543A05-D98B-4A81-80F6-858588F88F44}.Debug|Any CPU.Build.0 = Debug|Any CPU
		{47543A05-D98B-4A81-80F6-858588F88F44}.Release|Any CPU.ActiveCfg = Release|Any CPU
		{47543A05-D98B-4A81-80F6-858588F88F44}.Release|Any CPU.Build.0 = Release|Any CPU
		{239E0F68-7543-4E52-BAD4-E25632C4410D}.Debug|Any CPU.ActiveCfg = Debug|Any CPU
		{239E0F68-7543-4E52-BAD4-E25632C4410D}.Debug|Any CPU.Build.0 = Debug|Any CPU
		{239E0F68-7543-4E52-BAD4-E25632C4410D}.Release|Any CPU.ActiveCfg = Release|Any CPU
		{239E0F68-7543-4E52-BAD4-E25632C4410D}.Release|Any CPU.Build.0 = Release|Any CPU
		{502F72DB-0151-402E-B5D9-35E0CD991A54}.Debug|Any CPU.ActiveCfg = Debug|Any CPU
		{502F72DB-0151-402E-B5D9-35E0CD991A54}.Debug|Any CPU.Build.0 = Debug|Any CPU
		{502F72DB-0151-402E-B5D9-35E0CD991A54}.Release|Any CPU.ActiveCfg = Release|Any CPU
		{502F72DB-0151-402E-B5D9-35E0CD991A54}.Release|Any CPU.Build.0 = Release|Any CPU
	EndGlobalSection
	GlobalSection(SolutionProperties) = preSolution
		HideSolutionNode = FALSE
	EndGlobalSection
	GlobalSection(NestedProjects) = preSolution
		{239E0F68-7543-4E52-BAD4-E25632C4410D} = {429DD81C-DB53-40CF-931C-3A2BE823DE38}
		{502F72DB-0151-402E-B5D9-35E0CD991A54} = {429DD81C-DB53-40CF-931C-3A2BE823DE38}
	EndGlobalSection
	GlobalSection(ExtensibilityGlobals) = postSolution
		SolutionGuid = {F0E08768-E74A-489C-99EB-4D8CC7742CEB}
	EndGlobalSection
EndGlobal
